
Microsoft Visual Studio Solution File, Format Version 12.00
Project("{FAE04EC0-301F-11D3-BF4B-00C04F79EFBC}") = "eTickets", "eTickets\eTickets.csproj", "{DBBC200B-3A95-4772-974B-3812CBA0D1CC}"
EndProject
Global
	GlobalSection(SolutionConfigurationPlatforms) = preSolution
		Debug|Any CPU = Debug|Any CPU
		Release|Any CPU = Release|Any CPU
	EndGlobalSection
	GlobalSection(ProjectConfigurationPlatforms) = postSolution
		{DBBC200B-3A95-4772-974B-3812CBA0D1CC}.Debug|Any CPU.ActiveCfg = Debug|Any CPU
		{DBBC200B-3A95-4772-974B-3812CBA0D1CC}.Debug|Any CPU.Build.0 = Debug|Any CPU
		{DBBC200B-3A95-4772-974B-3812CBA0D1CC}.Release|Any CPU.ActiveCfg = Release|Any CPU
		{DBBC200B-3A95-4772-974B-3812CBA0D1CC}.Release|Any CPU.Build.0 = Release|Any CPU
	EndGlobalSection
EndGlobal
